github.com/dave/jennifer v1.7.1 h1:B4jJJDHelWcDhlRQxWeo0Npa/pYKBLrirAQoTN45txo=
github.com/dave/jennifer v1.7.1/go.mod h1:nXbxhEmQfOZhWml3D1cDK5M1FLnMSozpbFN/m3RmGZc=
github.com/toniphan21/go-mapper-gen v0.5.0 h1:z9hOm9KpyGCG1yKLiHTGD3qkUViybUbzweKNHR1rGwc=
github.com/toniphan21/go-mapper-gen v0.5.0/go.mod h1:xq9nD8FltQ5wLE81cEH/aXCukKNwA5//11LzamzLMEU=
